{
  "name": "pi-fleet-agent-interview-tool",
  "version": "1.0.0",
  "lockfileVersion": 3,
  "requires": true,
  "packages": {
    "": {
      "name": "pi-fleet-agent-interview-tool",
      "version": "1.0.0",
      "dependencies": {
        "agent-interview-cli": "0.1.0"
      },
      "engines": {
        "node": ">=20"
      }
    },
    "node_modules/agent-interview-cli": {
      "version": "0.1.0",
      "resolved": "https://registry.npmjs.org/agent-interview-cli/-/agent-interview-cli-0.1.0.tgz",
      "integrity": "sha512-RyuqOc0/uHVJ69g2vjCN0BmZcMiiQkOKhZvdz2I0bsUGOvU6MzpnZkjjc/ngxm43m06LswcHO1kOvgctJk3lRA==",
      "license": "MIT",
      "bin": {
        "interview": "bin/interview.mjs"
      },
      "engines": {
        "node": ">=20"
      }
    }
  }
}
